{
  "nodes": {
    "advisory-db": {
      "flake": false,
      "locked": {
        "lastModified": 1777660670,
        "narHash": "sha256-C8hgon8MOPJWA67TH1PHEziDwpsSdJN2CpFdKTwb6ZI=",
        "owner": "rustsec",
        "repo": "advisory-db",
        "rev": "20377f44edabca7c4a765ccdcd05935331b6191f",
        "type": "github"
      },
      "original": {
        "owner": "rustsec",
        "repo": "advisory-db",
        "type": "github"
      }
    },
    "blockfrost-tests": {
      "flake": false,
      "locked": {
        "lastModified": 1777465150,
        "narHash": "sha256-6QUnCM0HQLq4b1lM++fwhMtVSEPC5bvhBjqL3I0NKsI=",
        "owner": "blockfrost",
        "repo": "blockfrost-tests",
        "rev": "9626853a6b19b792ef5f7d5673001eb233d0f870",
        "type": "github"
      },
      "original": {
        "owner": "blockfrost",
        "repo": "blockfrost-tests",
        "type": "github"
      }
    },
    "cardano-node": {
      "flake": false,
      "locked": {
        "lastModified": 1774886169,
        "narHash": "sha256-TQHJmtgV33DhEeiOLokDS7BGTUX/4wdQt9DIP62SEuw=",
        "owner": "IntersectMBO",
        "repo": "cardano-node",
        "rev": "e252edef4dfcd28ba8987e0c1368c6db0404beac",
        "type": "github"
      },
      "original": {
        "owner": "IntersectMBO",
        "ref": "10.6.3",
        "repo": "cardano-node",
        "type": "github"
      }
    },
    "cardano-playground": {
      "flake": false,
      "locked": {
        "lastModified": 1775070913,
        "narHash": "sha256-zX1uQvRTJ9B+IH4e9LPNfMsYxnHU/su6h2QkL3629A0=",
        "owner": "input-output-hk",
        "repo": "cardano-playground",
        "rev": "419fcc2150552930944624e7a19aad6420539df0",
        "type": "github"
      },
      "original": {
        "owner": "input-output-hk",
        "repo": "cardano-playground",
        "rev": "419fcc2150552930944624e7a19aad6420539df0",
        "type": "github"
      }
    },
    "crane": {
      "locked": {
        "lastModified": 1777689689,
        "narHash": "sha256-HGdYOOU4j7w5I/Tlve6z/Q/P9cGHZMhSlALlgfikjsU=",
        "owner": "ipetkov",
        "repo": "crane",
        "rev": "709b316b6ba9424932b33761549e2117bbb3c5ae",
        "type": "github"
      },
      "original": {
        "owner": "ipetkov",
        "repo": "crane",
        "type": "github"
      }
    },
    "crane_2": {
      "locked": {
        "lastModified": 1748905761,
        "narHash": "sha256-h3axsOaXxej8d2ICwegt6IX+ymwI6spPOEIe4fGRzjY=",
        "owner": "ipetkov",
        "repo": "crane",
        "rev": "21badc1ab312a31b7e8a5d12be7b89232b9d05ec",
        "type": "github"
      },
      "original": {
        "owner": "ipetkov",
        "repo": "crane",
        "type": "github"
      }
    },
    "devshell": {
      "inputs": {
        "nixpkgs": [
          "nixpkgs"
        ]
      },
      "locked": {
        "lastModified": 1768818222,
        "narHash": "sha256-460jc0+CZfyaO8+w8JNtlClB2n4ui1RbHfPTLkpwhU8=",
        "owner": "numtide",
        "repo": "devshell",
        "rev": "255a2b1725a20d060f566e4755dbf571bbbb5f76",
        "type": "github"
      },
      "original": {
        "owner": "numtide",
        "repo": "devshell",
        "type": "github"
      }
    },
    "dolos": {
      "flake": false,
      "locked": {
        "lastModified": 1775343885,
        "narHash": "sha256-lg22uNMluP9MiXZTPsHM87x1HZJXizRSAonVHR5Sqgc=",
        "owner": "txpipe",
        "repo": "dolos",
        "rev": "d90cd814b864b04a9cdee7a0905ff4d27cb9846a",
        "type": "github"
      },
      "original": {
        "owner": "txpipe",
        "ref": "v1.0.3",
        "repo": "dolos",
        "type": "github"
      }
    },
    "fenix": {
      "inputs": {
        "nixpkgs": [
          "nixpkgs"
        ],
        "rust-analyzer-src": "rust-analyzer-src"
      },
      "locked": {
        "lastModified": 1777708550,
        "narHash": "sha256-Qif3UXT0l5OQq8H9pRWt4/ia4gF48MWK2oHKL8uVx8U=",
        "owner": "nix-community",
        "repo": "fenix",
        "rev": "74c1591efaff494756b8d35ebe357c6c2bbdca96",
        "type": "github"
      },
      "original": {
        "owner": "nix-community",
        "repo": "fenix",
        "type": "github"
      }
    },
    "flake-compat": {
      "flake": false,
      "locked": {
        "lastModified": 1767039857,
        "narHash": "sha256-vNpUSpF5Nuw8xvDLj2KCwwksIbjua2LZCqhV1LNRDns=",
        "owner": "edolstra",
        "repo": "flake-compat",
        "rev": "5edf11c44bc78a0d334f6334cdaf7d60d732daab",
        "type": "github"
      },
      "original": {
        "owner": "edolstra",
        "repo": "flake-compat",
        "type": "github"
      }
    },
    "flake-parts": {
      "inputs": {
        "nixpkgs-lib": "nixpkgs-lib"
      },
      "locked": {
        "lastModified": 1777678872,
        "narHash": "sha256-EPIFsulyon7Z1vLQq5Fk64GR8L7cQsT+IPhcsukVbgk=",
        "owner": "hercules-ci",
        "repo": "flake-parts",
        "rev": "5250617bffd85403b14dbf43c3870e7f255d2c16",
        "type": "github"
      },
      "original": {
        "owner": "hercules-ci",
        "repo": "flake-parts",
        "type": "github"
      }
    },
    "flake-parts_2": {
      "inputs": {
        "nixpkgs-lib": "nixpkgs-lib_2"
      },
      "locked": {
        "lastModified": 1748821116,
        "narHash": "sha256-F82+gS044J1APL0n4hH50GYdPRv/5JWm34oCJYmVKdE=",
        "owner": "hercules-ci",
        "repo": "flake-parts",
        "rev": "49f0870db23e8c1ca0b5259734a02cd9e1e371a1",
        "type": "github"
      },
      "original": {
        "owner": "hercules-ci",
        "repo": "flake-parts",
        "type": "github"
      }
    },
    "hydra": {
      "flake": false,
      "locked": {
        "lastModified": 1759947091,
        "narHash": "sha256-V9VBA5cFLcZ/M8g12Bzye5tVSVW3uoUIaRm+Ws0mFbo=",
        "owner": "cardano-scaling",
        "repo": "hydra",
        "rev": "b5e33b55e9fba442c562f82cec6c36b1716d9847",
        "type": "github"
      },
      "original": {
        "owner": "cardano-scaling",
        "ref": "1.0.0",
        "repo": "hydra",
        "type": "github"
      }
    },
    "mithril": {
      "inputs": {
        "crane": "crane_2",
        "flake-parts": "flake-parts_2",
        "nixpkgs": "nixpkgs",
        "treefmt-nix": "treefmt-nix"
      },
      "locked": {
        "lastModified": 1749570267,
        "narHash": "sha256-v/kHXMslACQtAY33QGtGqEaQEp5B37wbWrk6m0654dA=",
        "owner": "input-output-hk",
        "repo": "mithril",
        "rev": "7bf703389b0ba5ebade0e88449c79c75706cfbbc",
        "type": "github"
      },
      "original": {
        "owner": "input-output-hk",
        "ref": "2524.0",
        "repo": "mithril",
        "type": "github"
      }
    },
    "nix-bundle-exe": {
      "flake": false,
      "locked": {
        "lastModified": 1727401894,
        "narHash": "sha256-NKdglYdwN4M7/UOZ8Ml3fuJT1MYXAb6aU4ccU920BjM=",
        "owner": "3noch",
        "repo": "nix-bundle-exe",
        "rev": "7f61fe91a73119e1e39d821f0d215d6186d01363",
        "type": "github"
      },
      "original": {
        "owner": "3noch",
        "repo": "nix-bundle-exe",
        "type": "github"
      }
    },
    "nixpkgs": {
      "locked": {
        "lastModified": 1748856973,
        "narHash": "sha256-RlTsJUvvr8ErjPBsiwrGbbHYW8XbB/oek0Gi78XdWKg=",
        "owner": "nixos",
        "repo": "nixpkgs",
        "rev": "e4b09e47ace7d87de083786b404bf232eb6c89d8",
        "type": "github"
      },
      "original": {
        "owner": "nixos",
        "ref": "nixpkgs-unstable",
        "repo": "nixpkgs",
        "type": "github"
      }
    },
    "nixpkgs-lib": {
      "locked": {
        "lastModified": 1777168982,
        "narHash": "sha256-GOkGPcboWE9BmGCRMLX3worL4EMnsnG8MyKmXNeYuhQ=",
        "owner": "nix-community",
        "repo": "nixpkgs.lib",
        "rev": "f5901329dade4a6ea039af1433fb087bd9c1fe14",
        "type": "github"
      },
      "original": {
        "owner": "nix-community",
        "repo": "nixpkgs.lib",
        "type": "github"
      }
    },
    "nixpkgs-lib_2": {
      "locked": {
        "lastModified": 1748740939,
        "narHash": "sha256-rQaysilft1aVMwF14xIdGS3sj1yHlI6oKQNBRTF40cc=",
        "owner": "nix-community",
        "repo": "nixpkgs.lib",
        "rev": "656a64127e9d791a334452c6b6606d17539476e2",
        "type": "github"
      },
      "original": {
        "owner": "nix-community",
        "repo": "nixpkgs.lib",
        "type": "github"
      }
    },
    "nixpkgs_2": {
      "locked": {
        "lastModified": 1777428379,
        "narHash": "sha256-ypxFOeDz+CqADEQNL72haqGjvZQdBR5Vc7pyx2JDttI=",
        "owner": "nixos",
        "repo": "nixpkgs",
        "rev": "755f5aa91337890c432639c60b6064bb7fe67769",
        "type": "github"
      },
      "original": {
        "owner": "nixos",
        "ref": "nixos-25.11",
        "repo": "nixpkgs",
        "type": "github"
      }
    },
    "root": {
      "inputs": {
        "advisory-db": "advisory-db",
        "blockfrost-tests": "blockfrost-tests",
        "cardano-node": "cardano-node",
        "cardano-playground": "cardano-playground",
        "crane": "crane",
        "devshell": "devshell",
        "dolos": "dolos",
        "fenix": "fenix",
        "flake-compat": "flake-compat",
        "flake-parts": "flake-parts",
        "hydra": "hydra",
        "mithril": "mithril",
        "nix-bundle-exe": "nix-bundle-exe",
        "nixpkgs": "nixpkgs_2",
        "testgen-hs": "testgen-hs",
        "treefmt-nix": "treefmt-nix_2"
      }
    },
    "rust-analyzer-src": {
      "flake": false,
      "locked": {
        "lastModified": 1777639980,
        "narHash": "sha256-6d7Hdurvbjc5uwJuc0YiK7rZBGj6Gs3uzfBFcTs+xCc=",
        "owner": "rust-lang",
        "repo": "rust-analyzer",
        "rev": "64cdaeb06f69b6b769a492edd88b022ae88e8ca2",
        "type": "github"
      },
      "original": {
        "owner": "rust-lang",
        "ref": "nightly",
        "repo": "rust-analyzer",
        "type": "github"
      }
    },
    "testgen-hs": {
      "flake": false,
      "locked": {
        "lastModified": 1775724489,
        "narHash": "sha256-UiTRFhvLifxg/Ve9RJsOKRPLGQSOzAX6skd1Eq6QAms=",
        "owner": "input-output-hk",
        "repo": "testgen-hs",
        "rev": "df1ac503b267beb7bcbfc6b953cf214b04c03d30",
        "type": "github"
      },
      "original": {
        "owner": "input-output-hk",
        "ref": "10.6.3.0",
        "repo": "testgen-hs",
        "type": "github"
      }
    },
    "treefmt-nix": {
      "inputs": {
        "nixpkgs": [
          "mithril",
          "nixpkgs"
        ]
      },
      "locked": {
        "lastModified": 1748243702,
        "narHash": "sha256-9YzfeN8CB6SzNPyPm2XjRRqSixDopTapaRsnTpXUEY8=",
        "owner": "numtide",
        "repo": "treefmt-nix",
        "rev": "1f3f7b784643d488ba4bf315638b2b0a4c5fb007",
        "type": "github"
      },
      "original": {
        "owner": "numtide",
        "repo": "treefmt-nix",
        "type": "github"
      }
    },
    "treefmt-nix_2": {
      "inputs": {
        "nixpkgs": [
          "nixpkgs"
        ]
      },
      "locked": {
        "lastModified": 1775636079,
        "narHash": "sha256-pc20NRoMdiar8oPQceQT47UUZMBTiMdUuWrYu2obUP0=",
        "owner": "numtide",
        "repo": "treefmt-nix",
        "rev": "790751ff7fd3801feeaf96d7dc416a8d581265ba",
        "type": "github"
      },
      "original": {
        "owner": "numtide",
        "repo": "treefmt-nix",
        "type": "github"
      }
    }
  },
  "root": "root",
  "version": 7
}
